{
  "originHash" : "30e75b5ed8907f9b39360d16d69512f0abd4f39bbfb6f3b2c19dedd73e67b385",
  "pins" : [
    {
      "identity" : "ffmpegkit",
      "kind" : "remoteSourceControl",
      "location" : "https://github.com/StringWeaver/FFmpegKit.git",
      "state" : {
        "branch" : "main",
        "revision" : "7a09a097f45dd2748bd7dbc001fce1ad60497466"
      }
    },
    {
      "identity" : "openssl-package",
      "kind" : "remoteSourceControl",
      "location" : "https://github.com/krzyzanowskim/OpenSSL-Package.git",
      "state" : {
        "revision" : "4db40e8f0bac4edd7b605cc692b924b558f0d125",
        "version" : "3.6.1"
      }
    }
  ],
  "version" : 3
}
